
Microsoft Visual Studio Solution File, Format Version 12.00
# Visual Studio Version 17
VisualStudioVersion = 17.0.31903.59
MinimumVisualStudioVersion = 10.0.40219.1
Project("{FAE04EC0-301F-11D3-BF4B-00C04F79EFBC}") = "ServerControlCenter", "ServerControlCenter.csproj", "{1F407688-7814-4C85-8EC3-4B6F13B7B1DF}"
EndProject
Project("{2150E333-8FDC-42A3-9474-1A3956D46DE8}") = "tests", "tests", "{0AB3BF05-4346-4AA6-1389-037BE0695223}"
EndProject
Project("{FAE04EC0-301F-11D3-BF4B-00C04F79EFBC}") = "ServerControlCenter.IntegrationTests", "tests\ServerControlCenter.IntegrationTests\ServerControlCenter.IntegrationTests.csproj", "{C1CF5349-8F6F-49FA-B0A7-427DA34C9A5F}"
EndProject
Project("{FAE04EC0-301F-11D3-BF4B-00C04F79EFBC}") = "ServerControlCenter.UnitTests", "tests\ServerControlCenter.UnitTests\ServerControlCenter.UnitTests.csproj", "{4D90622E-C9DB-4C08-8E6C-FD7B771EFA9B}"
EndProject
Global
	GlobalSection(SolutionConfigurationPlatforms) = preSolution
		Debug|Any CPU = Debug|Any CPU
		Debug|x64 = Debug|x64
		Debug|x86 = Debug|x86
		Release|Any CPU = Release|Any CPU
		Release|x64 = Release|x64
		Release|x86 = Release|x86
	EndGlobalSection
	GlobalSection(ProjectConfigurationPlatforms) = postSolution
		{1F407688-7814-4C85-8EC3-4B6F13B7B1DF}.Debug|Any CPU.ActiveCfg = Debug|Any CPU
		{1F407688-7814-4C85-8EC3-4B6F13B7B1DF}.Debug|Any CPU.Build.0 = Debug|Any CPU
		{1F407688-7814-4C85-8EC3-4B6F13B7B1DF}.Debug|x64.ActiveCfg = Debug|Any CPU
		{1F407688-7814-4C85-8EC3-4B6F13B7B1DF}.Debug|x64.Build.0 = Debug|Any CPU
		{1F407688-7814-4C85-8EC3-4B6F13B7B1DF}.Debug|x86.ActiveCfg = Debug|Any CPU
		{1F407688-7814-4C85-8EC3-4B6F13B7B1DF}.Debug|x86.Build.0 = Debug|Any CPU
		{1F407688-7814-4C85-8EC3-4B6F13B7B1DF}.Release|Any CPU.ActiveCfg = Release|Any CPU
		{1F407688-7814-4C85-8EC3-4B6F13B7B1DF}.Release|Any CPU.Build.0 = Release|Any CPU
		{1F407688-7814-4C85-8EC3-4B6F13B7B1DF}.Release|x64.ActiveCfg = Release|Any CPU
		{1F407688-7814-4C85-8EC3-4B6F13B7B1DF}.Release|x64.Build.0 = Release|Any CPU
		{1F407688-7814-4C85-8EC3-4B6F13B7B1DF}.Release|x86.ActiveCfg = Release|Any CPU
		{1F407688-7814-4C85-8EC3-4B6F13B7B1DF}.Release|x86.Build.0 = Release|Any CPU
		{C1CF5349-8F6F-49FA-B0A7-427DA34C9A5F}.Debug|Any CPU.ActiveCfg = Debug|Any CPU
		{C1CF5349-8F6F-49FA-B0A7-427DA34C9A5F}.Debug|Any CPU.Build.0 = Debug|Any CPU
		{C1CF5349-8F6F-49FA-B0A7-427DA34C9A5F}.Debug|x64.ActiveCfg = Debug|Any CPU
		{C1CF5349-8F6F-49FA-B0A7-427DA34C9A5F}.Debug|x64.Build.0 = Debug|Any CPU
		{C1CF5349-8F6F-49FA-B0A7-427DA34C9A5F}.Debug|x86.ActiveCfg = Debug|Any CPU
		{C1CF5349-8F6F-49FA-B0A7-427DA34C9A5F}.Debug|x86.Build.0 = Debug|Any CPU
		{C1CF5349-8F6F-49FA-B0A7-427DA34C9A5F}.Release|Any CPU.ActiveCfg = Release|Any CPU
		{C1CF5349-8F6F-49FA-B0A7-427DA34C9A5F}.Release|Any CPU.Build.0 = Release|Any CPU
		{C1CF5349-8F6F-49FA-B0A7-427DA34C9A5F}.Release|x64.ActiveCfg = Release|Any CPU
		{C1CF5349-8F6F-49FA-B0A7-427DA34C9A5F}.Release|x64.Build.0 = Release|Any CPU
		{C1CF5349-8F6F-49FA-B0A7-427DA34C9A5F}.Release|x86.ActiveCfg = Release|Any CPU
		{C1CF5349-8F6F-49FA-B0A7-427DA34C9A5F}.Release|x86.Build.0 = Release|Any CPU
		{4D90622E-C9DB-4C08-8E6C-FD7B771EFA9B}.Debug|Any CPU.ActiveCfg = Debug|Any CPU
		{4D90622E-C9DB-4C08-8E6C-FD7B771EFA9B}.Debug|Any CPU.Build.0 = Debug|Any CPU
		{4D90622E-C9DB-4C08-8E6C-FD7B771EFA9B}.Debug|x64.ActiveCfg = Debug|Any CPU
		{4D90622E-C9DB-4C08-8E6C-FD7B771EFA9B}.Debug|x64.Build.0 = Debug|Any CPU
		{4D90622E-C9DB-4C08-8E6C-FD7B771EFA9B}.Debug|x86.ActiveCfg = Debug|Any CPU
		{4D90622E-C9DB-4C08-8E6C-FD7B771EFA9B}.Debug|x86.Build.0 = Debug|Any CPU
		{4D90622E-C9DB-4C08-8E6C-FD7B771EFA9B}.Release|Any CPU.ActiveCfg = Release|Any CPU
		{4D90622E-C9DB-4C08-8E6C-FD7B771EFA9B}.Release|Any CPU.Build.0 = Release|Any CPU
		{4D90622E-C9DB-4C08-8E6C-FD7B771EFA9B}.Release|x64.ActiveCfg = Release|Any CPU
		{4D90622E-C9DB-4C08-8E6C-FD7B771EFA9B}.Release|x64.Build.0 = Release|Any CPU
		{4D90622E-C9DB-4C08-8E6C-FD7B771EFA9B}.Release|x86.ActiveCfg = Release|Any CPU
		{4D90622E-C9DB-4C08-8E6C-FD7B771EFA9B}.Release|x86.Build.0 = Release|Any CPU
	EndGlobalSection
	GlobalSection(SolutionProperties) = preSolution
		HideSolutionNode = FALSE
	EndGlobalSection
	GlobalSection(NestedProjects) = preSolution
		{C1CF5349-8F6F-49FA-B0A7-427DA34C9A5F} = {0AB3BF05-4346-4AA6-1389-037BE0695223}
		{4D90622E-C9DB-4C08-8E6C-FD7B771EFA9B} = {0AB3BF05-4346-4AA6-1389-037BE0695223}
	EndGlobalSection
EndGlobal
